<?xml version="1.0" encoding="UTF-8" standalone="yes" ?>
<CodeBlocks_project_file>
	<FileVersion major="1" minor="6" />
	<Project>
		<Option title="GVA" />
		<Option pch_mode="2" />
		<Option compiler="gcc" />
		<Build>
			<Target title="Debug">
				<Option output="bin/Debug/GVA" prefix_auto="1" extension_auto="1" />
				<Option object_output="obj/Debug/" />
				<Option type="1" />
				<Option compiler="gcc" />
				<Compiler>
					<Add option="-g" />
					<Add directory="../GVA" />
					<Add directory="include" />
					<Add directory="src" />
				</Compiler>
			</Target>
			<Target title="Release">
				<Option output="bin/Release/GVA" prefix_auto="1" extension_auto="1" />
				<Option object_output="obj/Release/" />
				<Option type="1" />
				<Option compiler="gcc" />
				<Compiler>
					<Add option="-O2" />
					<Add directory="../GVA" />
					<Add directory="include" />
					<Add directory="src" />
				</Compiler>
				<Linker>
					<Add option="-s" />
				</Linker>
			</Target>
		</Build>
		<Compiler>
			<Add option="-Wall" />
			<Add option="-fexceptions" />
		</Compiler>
		<Unit filename="Configurator.cpp" />
		<Unit filename="Configurator.h" />
		<Unit filename="Database.cpp" />
		<Unit filename="Database.h" />
		<Unit filename="Utils.h" />
		<Unit filename="Voiture.cpp" />
		<Unit filename="Voiture.h" />
		<Unit filename="class/Chassis/Chassis.cpp" />
		<Unit filename="class/Chassis/Chassis.h" />
		<Unit filename="class/Chassis/ChassisBerline.cpp" />
		<Unit filename="class/Chassis/ChassisBerline.h" />
		<Unit filename="class/Chassis/ChassisBerline4x4.cpp" />
		<Unit filename="class/Chassis/ChassisBerline4x4.h" />
		<Unit filename="class/Chassis/ChassisBerlineBreak.cpp" />
		<Unit filename="class/Chassis/ChassisBerlineBreak.h" />
		<Unit filename="class/Chassis/ChassisCoupe.cpp" />
		<Unit filename="class/Chassis/ChassisCoupe.h" />
		<Unit filename="class/Moteur/Moteur.cpp" />
		<Unit filename="class/Moteur/Moteur.h" />
		<Unit filename="class/Moteur/MoteurDiesel.cpp" />
		<Unit filename="class/Moteur/MoteurDiesel.h" />
		<Unit filename="class/Moteur/MoteurEssence.cpp" />
		<Unit filename="class/Moteur/MoteurEssence.h" />
		<Unit filename="class/Moteur/MoteurThermique.cpp" />
		<Unit filename="class/Moteur/MoteurThermique.h" />
		<Unit filename="main.cpp" />
		<Extensions>
			<lib_finder disable_auto="1" />
		</Extensions>
	</Project>
</CodeBlocks_project_file>
